
Microsoft Visual Studio Solution File, Format Version 12.00
# Visual Studio Version 17
VisualStudioVersion = 17.1.32421.90
MinimumVisualStudioVersion = 10.0.40219.1
Project("{FAE04EC0-301F-11D3-BF4B-00C04F79EFBC}") = "WindowsFormsApp1", "WindowsFormsApp1.csproj", "{027C60C4-7B8C-4971-8B6B-2059F5895483}"
EndProject
Project("{2150E333-8FDC-42A3-9474-1A3956D46DE8}") = "Fenetres", "Fenetres", "{B6E404FB-9BAE-4289-99BB-554B3D0E25F4}"
EndProject
Global
	GlobalSection(SolutionConfigurationPlatforms) = preSolution
		Debug|Any CPU = Debug|Any CPU
		Release|Any CPU = Release|Any CPU
	EndGlobalSection
	GlobalSection(ProjectConfigurationPlatforms) = postSolution
		{027C60C4-7B8C-4971-8B6B-2059F5895483}.Debug|Any CPU.ActiveCfg = Debug|Any CPU
		{027C60C4-7B8C-4971-8B6B-2059F5895483}.Debug|Any CPU.Build.0 = Debug|Any CPU
		{027C60C4-7B8C-4971-8B6B-2059F5895483}.Release|Any CPU.ActiveCfg = Release|Any CPU
		{027C60C4-7B8C-4971-8B6B-2059F5895483}.Release|Any CPU.Build.0 = Release|Any CPU
	EndGlobalSection
	GlobalSection(SolutionProperties) = preSolution
		HideSolutionNode = FALSE
	EndGlobalSection
	GlobalSection(ExtensibilityGlobals) = postSolution
		SolutionGuid = {02CAE3BC-5D04-46E6-8237-5FADE3D24B1E}
	EndGlobalSection
EndGlobal
